
Microsoft Visual Studio Solution File, Format Version 12.00
# Visual Studio Version 17
VisualStudioVersion = 17.0.31903.59
MinimumVisualStudioVersion = 10.0.40219.1
Project("{2150E333-8FDC-42A3-9474-1A3956D46DE8}") = "backend", "backend", "{2DB0671F-5138-4FD3-AB05-0F2D135A1316}"
EndProject
Project("{FAE04EC0-301F-11D3-BF4B-00C04F79EFBC}") = "Program.cs", "backend\Program.cs\Program.cs.csproj", "{952B846C-3EEA-4845-AE68-90EE9A8F3216}"
EndProject
Global
	GlobalSection(SolutionConfigurationPlatforms) = preSolution
		Debug|Any CPU = Debug|Any CPU
		Release|Any CPU = Release|Any CPU
	EndGlobalSection
	GlobalSection(SolutionProperties) = preSolution
		HideSolutionNode = FALSE
	EndGlobalSection
	GlobalSection(ProjectConfigurationPlatforms) = postSolution
		{952B846C-3EEA-4845-AE68-90EE9A8F3216}.Debug|Any CPU.ActiveCfg = Debug|Any CPU
		{952B846C-3EEA-4845-AE68-90EE9A8F3216}.Debug|Any CPU.Build.0 = Debug|Any CPU
		{952B846C-3EEA-4845-AE68-90EE9A8F3216}.Release|Any CPU.ActiveCfg = Release|Any CPU
		{952B846C-3EEA-4845-AE68-90EE9A8F3216}.Release|Any CPU.Build.0 = Release|Any CPU
	EndGlobalSection
	GlobalSection(NestedProjects) = preSolution
		{952B846C-3EEA-4845-AE68-90EE9A8F3216} = {2DB0671F-5138-4FD3-AB05-0F2D135A1316}
	EndGlobalSection
EndGlobal
